// !$*UTF8*$!
{
	archiveVersion = 1;
	classes = {
	};
	objectVersion = 50;
	objects = {

/* Begin PBXBuildFile section */
		5B03E15925B6CD3E00B35AB9 /* TopicDetailViewModel.swift in Sources */ = {isa = PBXBuildFile; fileRef = 5B03E15825B6CD3E00B35AB9 /* TopicDetailViewModel.swift */; };
		5B03E15C25B6D05B00B35AB9 /* TopicDetailViewDelegate.swift in Sources */ = {isa = PBXBuildFile; fileRef = 5B03E15B25B6D05B00B35AB9 /* TopicDetailViewDelegate.swift */; };
		5B03E16525B6DD6300B35AB9 /* SingleTopicResponse.swift in Sources */ = {isa = PBXBuildFile; fileRef = 5B03E16425B6DD6300B35AB9 /* SingleTopicResponse.swift */; };
		5B03E16925B6DE0600B35AB9 /* TopicDetailManager.swift in Sources */ = {isa = PBXBuildFile; fileRef = 5B03E16825B6DE0600B35AB9 /* TopicDetailManager.swift */; };
		5B03E16C25B6DEAE00B35AB9 /* SingleTopicRequest.swift in Sources */ = {isa = PBXBuildFile; fileRef = 5B03E16B25B6DEAE00B35AB9 /* SingleTopicRequest.swift */; };
		5B0AC30125B1F2A000ADEB51 /* TopicsViewModelDelegate.swift in Sources */ = {isa = PBXBuildFile; fileRef = 5B0AC30025B1F2A000ADEB51 /* TopicsViewModelDelegate.swift */; };
		5B0AC30B25B4B81C00ADEB51 /* TopicDetailViewController.swift in Sources */ = {isa = PBXBuildFile; fileRef = 5B0AC30925B4B81C00ADEB51 /* TopicDetailViewController.swift */; };
		5B0AC30C25B4B81C00ADEB51 /* TopicDetailView.xib in Resources */ = {isa = PBXBuildFile; fileRef = 5B0AC30A25B4B81C00ADEB51 /* TopicDetailView.xib */; };
		5B0AC31025B4B89700ADEB51 /* TopicsCoordinatorDelegate.swift in Sources */ = {isa = PBXBuildFile; fileRef = 5B0AC30F25B4B89700ADEB51 /* TopicsCoordinatorDelegate.swift */; };
		5B0DC31725B9C6A4004F6334 /* Category.swift in Sources */ = {isa = PBXBuildFile; fileRef = 5B0DC31625B9C6A4004F6334 /* Category.swift */; };
		5B0DC31A25B9C76D004F6334 /* CategoryRequest.swift in Sources */ = {isa = PBXBuildFile; fileRef = 5B0DC31925B9C76D004F6334 /* CategoryRequest.swift */; };
		5B0DC31D25B9C963004F6334 /* CartegoryDataManager.swift in Sources */ = {isa = PBXBuildFile; fileRef = 5B0DC31C25B9C963004F6334 /* CartegoryDataManager.swift */; };
		5B0DC32025B9C9CF004F6334 /* CategoryViewModel.swift in Sources */ = {isa = PBXBuildFile; fileRef = 5B0DC31F25B9C9CF004F6334 /* CategoryViewModel.swift */; };
		5B0DC32325B9CBD4004F6334 /* CategoryViewModelDelegate.swift in Sources */ = {isa = PBXBuildFile; fileRef = 5B0DC32225B9CBD4004F6334 /* CategoryViewModelDelegate.swift */; };
		5B3A9E5B25BC058000DDDC1F /* UserDetailViewModelDelegate.swift in Sources */ = {isa = PBXBuildFile; fileRef = 5B3A9E5A25BC058000DDDC1F /* UserDetailViewModelDelegate.swift */; };
		5B6642B325BB5B3100A87D41 /* UserDetailViewController.swift in Sources */ = {isa = PBXBuildFile; fileRef = 5B6642B125BB5B3100A87D41 /* UserDetailViewController.swift */; };
		5B6642B425BB5B3100A87D41 /* UserDetailView.xib in Resources */ = {isa = PBXBuildFile; fileRef = 5B6642B225BB5B3100A87D41 /* UserDetailView.xib */; };
		5B6642BB25BB5F5200A87D41 /* UserDetailViewModel.swift in Sources */ = {isa = PBXBuildFile; fileRef = 5B6642BA25BB5F5200A87D41 /* UserDetailViewModel.swift */; };
		5B6642C025BB5FC000A87D41 /* UserDetailDataManager.swift in Sources */ = {isa = PBXBuildFile; fileRef = 5B6642BF25BB5FC000A87D41 /* UserDetailDataManager.swift */; };
		5B6642C425BB6C3A00A87D41 /* UpdateSingleUserRequest.swift in Sources */ = {isa = PBXBuildFile; fileRef = 5B6642C325BB6C3A00A87D41 /* UpdateSingleUserRequest.swift */; };
		5B6642C725BC014D00A87D41 /* UserDetailCoodinatorDelegate.swift in Sources */ = {isa = PBXBuildFile; fileRef = 5B6642C625BC014D00A87D41 /* UserDetailCoodinatorDelegate.swift */; };
		5B9AFCA525876C1F007BE9E0 /* AppDelegate.swift in Sources */ = {isa = PBXBuildFile; fileRef = 5B9AFCA425876C1F007BE9E0 /* AppDelegate.swift */; };
		5B9AFCA725876C1F007BE9E0 /* SceneDelegate.swift in Sources */ = {isa = PBXBuildFile; fileRef = 5B9AFCA625876C1F007BE9E0 /* SceneDelegate.swift */; };
		5B9AFCAE25876C21007BE9E0 /* Assets.xcassets in Resources */ = {isa = PBXBuildFile; fileRef = 5B9AFCAD25876C21007BE9E0 /* Assets.xcassets */; };
		5B9AFCB125876C21007BE9E0 /* LaunchScreen.storyboard in Resources */ = {isa = PBXBuildFile; fileRef = 5B9AFCAF25876C21007BE9E0 /* LaunchScreen.storyboard */; };
		5B9B11A925BB353800C3831A /* TopicCellViewModel.swift in Sources */ = {isa = PBXBuildFile; fileRef = 5B9B11A825BB353800C3831A /* TopicCellViewModel.swift */; };
		5B9B11AD25BB3C4600C3831A /* UserCellViewModel.swift in Sources */ = {isa = PBXBuildFile; fileRef = 5B9B11AC25BB3C4600C3831A /* UserCellViewModel.swift */; };
		5B9B11B025BB50E500C3831A /* UsersCoordinatorDelegate.swift in Sources */ = {isa = PBXBuildFile; fileRef = 5B9B11AF25BB50E500C3831A /* UsersCoordinatorDelegate.swift */; };
		5B9B11B425BB566300C3831A /* SingleUserResponse.swift in Sources */ = {isa = PBXBuildFile; fileRef = 5B9B11B325BB566300C3831A /* SingleUserResponse.swift */; };
		5B9B11B725BB56B900C3831A /* SingleUserRequest.swift in Sources */ = {isa = PBXBuildFile; fileRef = 5B9B11B625BB56B900C3831A /* SingleUserRequest.swift */; };
		5B9BCB9F25BA11D900CB2CC4 /* UserImageRequest.swift in Sources */ = {isa = PBXBuildFile; fileRef = 5B9BCB9E25BA11D900CB2CC4 /* UserImageRequest.swift */; };
		5B9BCBA225BA137600CB2CC4 /* UserImageResponse.swift in Sources */ = {isa = PBXBuildFile; fileRef = 5B9BCBA125BA137600CB2CC4 /* UserImageResponse.swift */; };
		5B9BE45325B753CE006BF5D4 /* AddTopicsCoodinator.swift in Sources */ = {isa = PBXBuildFile; fileRef = 5B9BE45225B753CE006BF5D4 /* AddTopicsCoodinator.swift */; };
		5B9BE45625B754FD006BF5D4 /* AddTopicDataManager.swift in Sources */ = {isa = PBXBuildFile; fileRef = 5B9BE45525B754FD006BF5D4 /* AddTopicDataManager.swift */; };
		5B9BE45925B757D2006BF5D4 /* CategoryResponse.swift in Sources */ = {isa = PBXBuildFile; fileRef = 5B9BE45825B757D2006BF5D4 /* CategoryResponse.swift */; };
		5B9BE45D25B758B7006BF5D4 /* AddTopicCoordinatorDelegate.swift in Sources */ = {isa = PBXBuildFile; fileRef = 5B9BE45C25B758B7006BF5D4 /* AddTopicCoordinatorDelegate.swift */; };
		5BBB63D825B084E600305619 /* ApiResources.plist in Resources */ = {isa = PBXBuildFile; fileRef = 5BBB63D725B084E600305619 /* ApiResources.plist */; };
		5BBB63DE25B089EF00305619 /* CoordinatorProtocol.swift in Sources */ = {isa = PBXBuildFile; fileRef = 5BBB63DD25B089EF00305619 /* CoordinatorProtocol.swift */; };
		5BBB63E225B08A2D00305619 /* AppCoordinator.swift in Sources */ = {isa = PBXBuildFile; fileRef = 5BBB63E125B08A2D00305619 /* AppCoordinator.swift */; };
		5BBB63E825B08E8E00305619 /* ControllersSet.swift in Sources */ = {isa = PBXBuildFile; fileRef = 5BBB63E725B08E8E00305619 /* ControllersSet.swift */; };
		5BBB63F025B0902500305619 /* TopicsViewController.swift in Sources */ = {isa = PBXBuildFile; fileRef = 5BBB63EE25B0902500305619 /* TopicsViewController.swift */; };
		5BBB63F625B0903500305619 /* CategoriesViewController.swift in Sources */ = {isa = PBXBuildFile; fileRef = 5BBB63F425B0903500305619 /* CategoriesViewController.swift */; };
		5BBB640425B0923200305619 /* TopicCoordinator.swift in Sources */ = {isa = PBXBuildFile; fileRef = 5BBB640325B0923200305619 /* TopicCoordinator.swift */; };
		5BBB641325B0937A00305619 /* UIView+Ext.swift in Sources */ = {isa = PBXBuildFile; fileRef = 5BBB641225B0937A00305619 /* UIView+Ext.swift */; };
		5BBB641825B0940B00305619 /* CategoriesCoordinator.swift in Sources */ = {isa = PBXBuildFile; fileRef = 5BBB641725B0940B00305619 /* CategoriesCoordinator.swift */; };
		5BBB641C25B0942D00305619 /* UsersCoordinator.swift in Sources */ = {isa = PBXBuildFile; fileRef = 5BBB641B25B0942D00305619 /* UsersCoordinator.swift */; };
		5BBB642125B09DEB00305619 /* TopicCell.swift in Sources */ = {isa = PBXBuildFile; fileRef = 5BBB641F25B09DEB00305619 /* TopicCell.swift */; };
		5BBB642225B09DEB00305619 /* TopicCell.xib in Resources */ = {isa = PBXBuildFile; fileRef = 5BBB642025B09DEB00305619 /* TopicCell.xib */; };
		5BBB642625B0BEEF00305619 /* Topic.swift in Sources */ = {isa = PBXBuildFile; fileRef = 5BBB642525B0BEEF00305619 /* Topic.swift */; };
		5BBB642925B0BF5200305619 /* TopicsViewModel.swift in Sources */ = {isa = PBXBuildFile; fileRef = 5BBB642825B0BF5200305619 /* TopicsViewModel.swift */; };
		5BC0693025B586D600D205CC /* APIRequest.swift in Sources */ = {isa = PBXBuildFile; fileRef = 5BC0692F25B586D600D205CC /* APIRequest.swift */; };
		5BC0693425B5874E00D205CC /* HttpMethod.swift in Sources */ = {isa = PBXBuildFile; fileRef = 5BC0693325B5874E00D205CC /* HttpMethod.swift */; };
		5BC0693D25B58AFE00D205CC /* APIResources.swift in Sources */ = {isa = PBXBuildFile; fileRef = 5BC0693C25B58AFE00D205CC /* APIResources.swift */; };
		5BC0694125B5992E00D205CC /* NetworkService.swift in Sources */ = {isa = PBXBuildFile; fileRef = 5BC0694025B5992E00D205CC /* NetworkService.swift */; };
		5BC0694C25B5DA1500D205CC /* LatestTopicsResquest.swift in Sources */ = {isa = PBXBuildFile; fileRef = 5BC0694B25B5DA1500D205CC /* LatestTopicsResquest.swift */; };
		5BC0694F25B5DA4C00D205CC /* LatestTopicsResponse.swift in Sources */ = {isa = PBXBuildFile; fileRef = 5BC0694E25B5DA4C00D205CC /* LatestTopicsResponse.swift */; };
		5BC0695325B5E85500D205CC /* TopicsDataManager.swift in Sources */ = {isa = PBXBuildFile; fileRef = 5BC0695225B5E85500D205CC /* TopicsDataManager.swift */; };
		5BCBEA6925B9F3BF00C568B5 /* UserViewModel.swift in Sources */ = {isa = PBXBuildFile; fileRef = 5BCBEA6825B9F3BF00C568B5 /* UserViewModel.swift */; };
		5BCBEA6C25B9F3D800C568B5 /* UserViewModelDelegate.swift in Sources */ = {isa = PBXBuildFile; fileRef = 5BCBEA6B25B9F3D800C568B5 /* UserViewModelDelegate.swift */; };
		5BCC1B1D25B9CF6A0014169C /* CategoryCell.swift in Sources */ = {isa = PBXBuildFile; fileRef = 5BCC1B1B25B9CF6A0014169C /* CategoryCell.swift */; };
		5BCC1B1E25B9CF6A0014169C /* CategoryCell.xib in Resources */ = {isa = PBXBuildFile; fileRef = 5BCC1B1C25B9CF6A0014169C /* CategoryCell.xib */; };
		5BDA19C625B6ED060020162D /* TopicDetailCoodinatorDelgate.swift in Sources */ = {isa = PBXBuildFile; fileRef = 5BDA19C525B6ED060020162D /* TopicDetailCoodinatorDelgate.swift */; };
		5BDA19D825B736D50020162D /* DeleteTopicResponse.swift in Sources */ = {isa = PBXBuildFile; fileRef = 5BDA19D725B736D50020162D /* DeleteTopicResponse.swift */; };
		5BDA19DB25B7379A0020162D /* DeleteTopicRequest.swift in Sources */ = {isa = PBXBuildFile; fileRef = 5BDA19DA25B7379A0020162D /* DeleteTopicRequest.swift */; };
		5BE8D49F25B611530056A396 /* DiscouseClientDataManager.swift in Sources */ = {isa = PBXBuildFile; fileRef = 5BE8D49E25B611530056A396 /* DiscouseClientDataManager.swift */; };
		5BE8D4A225B6B89C0056A396 /* RemoteDataManager.swift in Sources */ = {isa = PBXBuildFile; fileRef = 5BE8D4A125B6B89C0056A396 /* RemoteDataManager.swift */; };
		5BE8D4A625B6B99E0056A396 /* RemoteDataManagerImpl.swift in Sources */ = {isa = PBXBuildFile; fileRef = 5BE8D4A525B6B99E0056A396 /* RemoteDataManagerImpl.swift */; };
		5BE9260825B882DC00CCC3E8 /* AddNewTopicViewModelDelegate.swift in Sources */ = {isa = PBXBuildFile; fileRef = 5BE9260725B882DC00CCC3E8 /* AddNewTopicViewModelDelegate.swift */; };
		5BE9260B25B8866700CCC3E8 /* AddNewTopicRequest.swift in Sources */ = {isa = PBXBuildFile; fileRef = 5BE9260A25B8866700CCC3E8 /* AddNewTopicRequest.swift */; };
		5BE9260E25B886BE00CCC3E8 /* AddNewTopicResponse.swift in Sources */ = {isa = PBXBuildFile; fileRef = 5BE9260D25B886BE00CCC3E8 /* AddNewTopicResponse.swift */; };
		5BE9261525B8A03E00CCC3E8 /* UIViewController+Ext.swift in Sources */ = {isa = PBXBuildFile; fileRef = 5BE9261425B8A03E00CCC3E8 /* UIViewController+Ext.swift */; };
		5BF6B0D225B7509900CC7AE8 /* AddTopicViewController.swift in Sources */ = {isa = PBXBuildFile; fileRef = 5BF6B0D025B7509900CC7AE8 /* AddTopicViewController.swift */; };
		5BF6B0D325B7509900CC7AE8 /* AddTopicView.xib in Resources */ = {isa = PBXBuildFile; fileRef = 5BF6B0D125B7509900CC7AE8 /* AddTopicView.xib */; };
		5BF6B0D825B750B100CC7AE8 /* AddTopicViewModel.swift in Sources */ = {isa = PBXBuildFile; fileRef = 5BF6B0D725B750B100CC7AE8 /* AddTopicViewModel.swift */; };
		5BFDFE4625B9E2E9002175A1 /* User.swift in Sources */ = {isa = PBXBuildFile; fileRef = 5BFDFE4525B9E2E9002175A1 /* User.swift */; };
		5BFDFE4925B9E465002175A1 /* UserListRequest.swift in Sources */ = {isa = PBXBuildFile; fileRef = 5BFDFE4825B9E465002175A1 /* UserListRequest.swift */; };
		5BFDFE4C25B9E4C1002175A1 /* UserListResponse.swift in Sources */ = {isa = PBXBuildFile; fileRef = 5BFDFE4B25B9E4C1002175A1 /* UserListResponse.swift */; };
		5BFDFE5025B9E5DE002175A1 /* UsersCell.swift in Sources */ = {isa = PBXBuildFile; fileRef = 5BFDFE4E25B9E5DE002175A1 /* UsersCell.swift */; };
		5BFDFE5125B9E5DE002175A1 /* UsersCell.xib in Resources */ = {isa = PBXBuildFile; fileRef = 5BFDFE4F25B9E5DE002175A1 /* UsersCell.xib */; };
		5BFDFE5425B9E6D6002175A1 /* UsersViewController.swift in Sources */ = {isa = PBXBuildFile; fileRef = 5BFDFE5325B9E6D6002175A1 /* UsersViewController.swift */; };
		5BFDFE5825B9EFA7002175A1 /* UserDataManager.swift in Sources */ = {isa = PBXBuildFile; fileRef = 5BFDFE5725B9EFA7002175A1 /* UserDataManager.swift */; };
/* End PBXBuildFile section */

/* Begin PBXFileReference section */
		5B03E15825B6CD3E00B35AB9 /* TopicDetailViewModel.swift */ = {isa = PBXFileReference; lastKnownFileType = sourcecode.swift; path = TopicDetailViewModel.swift; sourceTree = "<group>"; };
		5B03E15B25B6D05B00B35AB9 /* TopicDetailViewDelegate.swift */ = {isa = PBXFileReference; lastKnownFileType = sourcecode.swift; path = TopicDetailViewDelegate.swift; sourceTree = "<group>"; };
		5B03E16425B6DD6300B35AB9 /* SingleTopicResponse.swift */ = {isa = PBXFileReference; lastKnownFileType = sourcecode.swift; path = SingleTopicResponse.swift; sourceTree = "<group>"; };
		5B03E16825B6DE0600B35AB9 /* TopicDetailManager.swift */ = {isa = PBXFileReference; lastKnownFileType = sourcecode.swift; path = TopicDetailManager.swift; sourceTree = "<group>"; };
		5B03E16B25B6DEAE00B35AB9 /* SingleTopicRequest.swift */ = {isa = PBXFileReference; lastKnownFileType = sourcecode.swift; path = SingleTopicRequest.swift; sourceTree = "<group>"; };
		5B0AC30025B1F2A000ADEB51 /* TopicsViewModelDelegate.swift */ = {isa = PBXFileReference; lastKnownFileType = sourcecode.swift; path = TopicsViewModelDelegate.swift; sourceTree = "<group>"; };
		5B0AC30925B4B81C00ADEB51 /* TopicDetailViewController.swift */ = {isa = PBXFileReference; lastKnownFileType = sourcecode.swift; path = TopicDetailViewController.swift; sourceTree = "<group>"; };
		5B0AC30A25B4B81C00ADEB51 /* TopicDetailView.xib */ = {isa = PBXFileReference; lastKnownFileType = file.xib; path = TopicDetailView.xib; sourceTree = "<group>"; };
		5B0AC30F25B4B89700ADEB51 /* TopicsCoordinatorDelegate.swift */ = {isa = PBXFileReference; lastKnownFileType = sourcecode.swift; path = TopicsCoordinatorDelegate.swift; sourceTree = "<group>"; };
		5B0DC31625B9C6A4004F6334 /* Category.swift */ = {isa = PBXFileReference; lastKnownFileType = sourcecode.swift; path = Category.swift; sourceTree = "<group>"; };
		5B0DC31925B9C76D004F6334 /* CategoryRequest.swift */ = {isa = PBXFileReference; lastKnownFileType = sourcecode.swift; path = CategoryRequest.swift; sourceTree = "<group>"; };
		5B0DC31C25B9C963004F6334 /* CartegoryDataManager.swift */ = {isa = PBXFileReference; lastKnownFileType = sourcecode.swift; path = CartegoryDataManager.swift; sourceTree = "<group>"; };
		5B0DC31F25B9C9CF004F6334 /* CategoryViewModel.swift */ = {isa = PBXFileReference; lastKnownFileType = sourcecode.swift; path = CategoryViewModel.swift; sourceTree = "<group>"; };
		5B0DC32225B9CBD4004F6334 /* CategoryViewModelDelegate.swift */ = {isa = PBXFileReference; lastKnownFileType = sourcecode.swift; path = CategoryViewModelDelegate.swift; sourceTree = "<group>"; };
		5B3A9E5A25BC058000DDDC1F /* UserDetailViewModelDelegate.swift */ = {isa = PBXFileReference; lastKnownFileType = sourcecode.swift; path = UserDetailViewModelDelegate.swift; sourceTree = "<group>"; };
		5B6642B125BB5B3100A87D41 /* UserDetailViewController.swift */ = {isa = PBXFileReference; lastKnownFileType = sourcecode.swift; path = UserDetailViewController.swift; sourceTree = "<group>"; };
		5B6642B225BB5B3100A87D41 /* UserDetailView.xib */ = {isa = PBXFileReference; lastKnownFileType = file.xib; path = UserDetailView.xib; sourceTree = "<group>"; };
		5B6642BA25BB5F5200A87D41 /* UserDetailViewModel.swift */ = {isa = PBXFileReference; lastKnownFileType = sourcecode.swift; path = UserDetailViewModel.swift; sourceTree = "<group>"; };
		5B6642BF25BB5FC000A87D41 /* UserDetailDataManager.swift */ = {isa = PBXFileReference; lastKnownFileType = sourcecode.swift; path = UserDetailDataManager.swift; sourceTree = "<group>"; };
		5B6642C325BB6C3A00A87D41 /* UpdateSingleUserRequest.swift */ = {isa = PBXFileReference; lastKnownFileType = sourcecode.swift; path = UpdateSingleUserRequest.swift; sourceTree = "<group>"; };
		5B6642C625BC014D00A87D41 /* UserDetailCoodinatorDelegate.swift */ = {isa = PBXFileReference; lastKnownFileType = sourcecode.swift; path = UserDetailCoodinatorDelegate.swift; sourceTree = "<group>"; };
		5B9AFCA125876C1F007BE9E0 /* DiscourseApp.app */ = {isa = PBXFileReference; explicitFileType = wrapper.application; includeInIndex = 0; path = DiscourseApp.app; sourceTree = BUILT_PRODUCTS_DIR; };
		5B9AFCA425876C1F007BE9E0 /* AppDelegate.swift */ = {isa = PBXFileReference; lastKnownFileType = sourcecode.swift; path = AppDelegate.swift; sourceTree = "<group>"; };
		5B9AFCA625876C1F007BE9E0 /* SceneDelegate.swift */ = {isa = PBXFileReference; lastKnownFileType = sourcecode.swift; path = SceneDelegate.swift; sourceTree = "<group>"; };
		5B9AFCAD25876C21007BE9E0 /* Assets.xcassets */ = {isa = PBXFileReference; lastKnownFileType = folder.assetcatalog; path = Assets.xcassets; sourceTree = "<group>"; };
		5B9AFCB025876C21007BE9E0 /* Base */ = {isa = PBXFileReference; lastKnownFileType = file.storyboard; name = Base; path = Base.lproj/LaunchScreen.storyboard; sourceTree = "<group>"; };
		5B9AFCB225876C21007BE9E0 /* Info.plist */ = {isa = PBXFileReference; lastKnownFileType = text.plist.xml; path = Info.plist; sourceTree = "<group>"; };
		5B9B11A825BB353800C3831A /* TopicCellViewModel.swift */ = {isa = PBXFileReference; lastKnownFileType = sourcecode.swift; path = TopicCellViewModel.swift; sourceTree = "<group>"; };
		5B9B11AC25BB3C4600C3831A /* UserCellViewModel.swift */ = {isa = PBXFileReference; lastKnownFileType = sourcecode.swift; path = UserCellViewModel.swift; sourceTree = "<group>"; };
		5B9B11AF25BB50E500C3831A /* UsersCoordinatorDelegate.swift */ = {isa = PBXFileReference; lastKnownFileType = sourcecode.swift; path = UsersCoordinatorDelegate.swift; sourceTree = "<group>"; };
		5B9B11B325BB566300C3831A /* SingleUserResponse.swift */ = {isa = PBXFileReference; lastKnownFileType = sourcecode.swift; path = SingleUserResponse.swift; sourceTree = "<group>"; };
		5B9B11B625BB56B900C3831A /* SingleUserRequest.swift */ = {isa = PBXFileReference; lastKnownFileType = sourcecode.swift; path = SingleUserRequest.swift; sourceTree = "<group>"; };
		5B9BCB9E25BA11D900CB2CC4 /* UserImageRequest.swift */ = {isa = PBXFileReference; lastKnownFileType = sourcecode.swift; path = UserImageRequest.swift; sourceTree = "<group>"; };
		5B9BCBA125BA137600CB2CC4 /* UserImageResponse.swift */ = {isa = PBXFileReference; lastKnownFileType = sourcecode.swift; path = UserImageResponse.swift; sourceTree = "<group>"; };
		5B9BE45225B753CE006BF5D4 /* AddTopicsCoodinator.swift */ = {isa = PBXFileReference; lastKnownFileType = sourcecode.swift; path = AddTopicsCoodinator.swift; sourceTree = "<group>"; };
		5B9BE45525B754FD006BF5D4 /* AddTopicDataManager.swift */ = {isa = PBXFileReference; lastKnownFileType = sourcecode.swift; path = AddTopicDataManager.swift; sourceTree = "<group>"; };
		5B9BE45825B757D2006BF5D4 /* CategoryResponse.swift */ = {isa = PBXFileReference; lastKnownFileType = sourcecode.swift; path = CategoryResponse.swift; sourceTree = "<group>"; };
		5B9BE45C25B758B7006BF5D4 /* AddTopicCoordinatorDelegate.swift */ = {isa = PBXFileReference; lastKnownFileType = sourcecode.swift; path = AddTopicCoordinatorDelegate.swift; sourceTree = "<group>"; };
		5BBB63D725B084E600305619 /* ApiResources.plist */ = {isa = PBXFileReference; lastKnownFileType = text.plist.xml; path = ApiResources.plist; sourceTree = "<group>"; };
		5BBB63DD25B089EF00305619 /* CoordinatorProtocol.swift */ = {isa = PBXFileReference; lastKnownFileType = sourcecode.swift; path = CoordinatorProtocol.swift; sourceTree = "<group>"; };
		5BBB63E125B08A2D00305619 /* AppCoordinator.swift */ = {isa = PBXFileReference; lastKnownFileType = sourcecode.swift; path = AppCoordinator.swift; sourceTree = "<group>"; };
		5BBB63E725B08E8E00305619 /* ControllersSet.swift */ = {isa = PBXFileReference; lastKnownFileType = sourcecode.swift; path = ControllersSet.swift; sourceTree = "<group>"; };
		5BBB63EE25B0902500305619 /* TopicsViewController.swift */ = {isa = PBXFileReference; lastKnownFileType = sourcecode.swift; path = TopicsViewController.swift; sourceTree = "<group>"; };
		5BBB63F425B0903500305619 /* CategoriesViewController.swift */ = {isa = PBXFileReference; lastKnownFileType = sourcecode.swift; path = CategoriesViewController.swift; sourceTree = "<group>"; };
		5BBB640325B0923200305619 /* TopicCoordinator.swift */ = {isa = PBXFileReference; lastKnownFileType = sourcecode.swift; path = TopicCoordinator.swift; sourceTree = "<group>"; };
		5BBB641225B0937A00305619 /* UIView+Ext.swift */ = {isa = PBXFileReference; lastKnownFileType = sourcecode.swift; path = "UIView+Ext.swift"; sourceTree = "<group>"; };
		5BBB641725B0940B00305619 /* CategoriesCoordinator.swift */ = {isa = PBXFileReference; lastKnownFileType = sourcecode.swift; path = CategoriesCoordinator.swift; sourceTree = "<group>"; };
		5BBB641B25B0942D00305619 /* UsersCoordinator.swift */ = {isa = PBXFileReference; lastKnownFileType = sourcecode.swift; path = UsersCoordinator.swift; sourceTree = "<group>"; };
		5BBB641F25B09DEB00305619 /* TopicCell.swift */ = {isa = PBXFileReference; lastKnownFileType = sourcecode.swift; path = TopicCell.swift; sourceTree = "<group>"; };
		5BBB642025B09DEB00305619 /* TopicCell.xib */ = {isa = PBXFileReference; lastKnownFileType = file.xib; path = TopicCell.xib; sourceTree = "<group>"; };
		5BBB642525B0BEEF00305619 /* Topic.swift */ = {isa = PBXFileReference; lastKnownFileType = sourcecode.swift; path = Topic.swift; sourceTree = "<group>"; };
		5BBB642825B0BF5200305619 /* TopicsViewModel.swift */ = {isa = PBXFileReference; lastKnownFileType = sourcecode.swift; path = TopicsViewModel.swift; sourceTree = "<group>"; };
		5BC0692F25B586D600D205CC /* APIRequest.swift */ = {isa = PBXFileReference; lastKnownFileType = sourcecode.swift; path = APIRequest.swift; sourceTree = "<group>"; };
		5BC0693325B5874E00D205CC /* HttpMethod.swift */ = {isa = PBXFileReference; lastKnownFileType = sourcecode.swift; path = HttpMethod.swift; sourceTree = "<group>"; };
		5BC0693C25B58AFE00D205CC /* APIResources.swift */ = {isa = PBXFileReference; lastKnownFileType = sourcecode.swift; path = APIResources.swift; sourceTree = "<group>"; };
		5BC0694025B5992E00D205CC /* NetworkService.swift */ = {isa = PBXFileReference; lastKnownFileType = sourcecode.swift; path = NetworkService.swift; sourceTree = "<group>"; };
		5BC0694B25B5DA1500D205CC /* LatestTopicsResquest.swift */ = {isa = PBXFileReference; lastKnownFileType = sourcecode.swift; path = LatestTopicsResquest.swift; sourceTree = "<group>"; };
		5BC0694E25B5DA4C00D205CC /* LatestTopicsResponse.swift */ = {isa = PBXFileReference; lastKnownFileType = sourcecode.swift; path = LatestTopicsResponse.swift; sourceTree = "<group>"; };
		5BC0695225B5E85500D205CC /* TopicsDataManager.swift */ = {isa = PBXFileReference; lastKnownFileType = sourcecode.swift; path = TopicsDataManager.swift; sourceTree = "<group>"; };
		5BCBEA6825B9F3BF00C568B5 /* UserViewModel.swift */ = {isa = PBXFileReference; lastKnownFileType = sourcecode.swift; path = UserViewModel.swift; sourceTree = "<group>"; };
		5BCBEA6B25B9F3D800C568B5 /* UserViewModelDelegate.swift */ = {isa = PBXFileReference; lastKnownFileType = sourcecode.swift; path = UserViewModelDelegate.swift; sourceTree = "<group>"; };
		5BCC1B1B25B9CF6A0014169C /* CategoryCell.swift */ = {isa = PBXFileReference; lastKnownFileType = sourcecode.swift; path = CategoryCell.swift; sourceTree = "<group>"; };
		5BCC1B1C25B9CF6A0014169C /* CategoryCell.xib */ = {isa = PBXFileReference; lastKnownFileType = file.xib; path = CategoryCell.xib; sourceTree = "<group>"; };
		5BDA19C525B6ED060020162D /* TopicDetailCoodinatorDelgate.swift */ = {isa = PBXFileReference; lastKnownFileType = sourcecode.swift; path = TopicDetailCoodinatorDelgate.swift; sourceTree = "<group>"; };
		5BDA19D725B736D50020162D /* DeleteTopicResponse.swift */ = {isa = PBXFileReference; lastKnownFileType = sourcecode.swift; path = DeleteTopicResponse.swift; sourceTree = "<group>"; };
		5BDA19DA25B7379A0020162D /* DeleteTopicRequest.swift */ = {isa = PBXFileReference; lastKnownFileType = sourcecode.swift; path = DeleteTopicRequest.swift; sourceTree = "<group>"; };
		5BE8D49E25B611530056A396 /* DiscouseClientDataManager.swift */ = {isa = PBXFileReference; lastKnownFileType = sourcecode.swift; path = DiscouseClientDataManager.swift; sourceTree = "<group>"; };
		5BE8D4A125B6B89C0056A396 /* RemoteDataManager.swift */ = {isa = PBXFileReference; lastKnownFileType = sourcecode.swift; path = RemoteDataManager.swift; sourceTree = "<group>"; };
		5BE8D4A525B6B99E0056A396 /* RemoteDataManagerImpl.swift */ = {isa = PBXFileReference; lastKnownFileType = sourcecode.swift; path = RemoteDataManagerImpl.swift; sourceTree = "<group>"; };
		5BE9260725B882DC00CCC3E8 /* AddNewTopicViewModelDelegate.swift */ = {isa = PBXFileReference; lastKnownFileType = sourcecode.swift; path = AddNewTopicViewModelDelegate.swift; sourceTree = "<group>"; };
		5BE9260A25B8866700CCC3E8 /* AddNewTopicRequest.swift */ = {isa = PBXFileReference; lastKnownFileType = sourcecode.swift; path = AddNewTopicRequest.swift; sourceTree = "<group>"; };
		5BE9260D25B886BE00CCC3E8 /* AddNewTopicResponse.swift */ = {isa = PBXFileReference; lastKnownFileType = sourcecode.swift; path = AddNewTopicResponse.swift; sourceTree = "<group>"; };
		5BE9261425B8A03E00CCC3E8 /* UIViewController+Ext.swift */ = {isa = PBXFileReference; lastKnownFileType = sourcecode.swift; path = "UIViewController+Ext.swift"; sourceTree = "<group>"; };
		5BF6B0D025B7509900CC7AE8 /* AddTopicViewController.swift */ = {isa = PBXFileReference; lastKnownFileType = sourcecode.swift; path = AddTopicViewController.swift; sourceTree = "<group>"; };
		5BF6B0D125B7509900CC7AE8 /* AddTopicView.xib */ = {isa = PBXFileReference; lastKnownFileType = file.xib; path = AddTopicView.xib; sourceTree = "<group>"; };
		5BF6B0D725B750B100CC7AE8 /* AddTopicViewModel.swift */ = {isa = PBXFileReference; lastKnownFileType = sourcecode.swift; path = AddTopicViewModel.swift; sourceTree = "<group>"; };
		5BFDFE4525B9E2E9002175A1 /* User.swift */ = {isa = PBXFileReference; lastKnownFileType = sourcecode.swift; path = User.swift; sourceTree = "<group>"; };
		5BFDFE4825B9E465002175A1 /* UserListRequest.swift */ = {isa = PBXFileReference; lastKnownFileType = sourcecode.swift; path = UserListRequest.swift; sourceTree = "<group>"; };
		5BFDFE4B25B9E4C1002175A1 /* UserListResponse.swift */ = {isa = PBXFileReference; lastKnownFileType = sourcecode.swift; path = UserListResponse.swift; sourceTree = "<group>"; };
		5BFDFE4E25B9E5DE002175A1 /* UsersCell.swift */ = {isa = PBXFileReference; lastKnownFileType = sourcecode.swift; path = UsersCell.swift; sourceTree = "<group>"; };
		5BFDFE4F25B9E5DE002175A1 /* UsersCell.xib */ = {isa = PBXFileReference; lastKnownFileType = file.xib; path = UsersCell.xib; sourceTree = "<group>"; };
		5BFDFE5325B9E6D6002175A1 /* UsersViewController.swift */ = {isa = PBXFileReference; fileEncoding = 4; lastKnownFileType = sourcecode.swift; path = UsersViewController.swift; sourceTree = "<group>"; };
		5BFDFE5725B9EFA7002175A1 /* UserDataManager.swift */ = {isa = PBXFileReference; lastKnownFileType = sourcecode.swift; path = UserDataManager.swift; sourceTree = "<group>"; };
/* End PBXFileReference section */

/* Begin PBXFrameworksBuildPhase section */
		5B9AFC9E25876C1F007BE9E0 /* Frameworks */ = {
			isa = PBXFrameworksBuildPhase;
			buildActionMask = 2147483647;
			files = (
			);
			runOnlyForDeploymentPostprocessing = 0;
		};
/* End PBXFrameworksBuildPhase section */

/* Begin PBXGroup section */
		5B03E15F25B6D9A200B35AB9 /* Models */ = {
			isa = PBXGroup;
			children = (
				5B03E16825B6DE0600B35AB9 /* TopicDetailManager.swift */,
			);
			path = Models;
			sourceTree = "<group>";
		};
		5B0AC31225B4C13000ADEB51 /* TopicDetail */ = {
			isa = PBXGroup;
			children = (
				5B03E15F25B6D9A200B35AB9 /* Models */,
				5B0AC31325B4C15500ADEB51 /* Views */,
				5B0AC31525B4C17200ADEB51 /* ViewModel */,
				5B0AC31425B4C15E00ADEB51 /* Controllers */,
				5BDA19C425B6ECEF0020162D /* Coordinators */,
			);
			path = TopicDetail;
			sourceTree = "<group>";
		};
		5B0AC31325B4C15500ADEB51 /* Views */ = {
			isa = PBXGroup;
			children = (
				5B0AC30A25B4B81C00ADEB51 /* TopicDetailView.xib */,
			);
			path = Views;
			sourceTree = "<group>";
		};
		5B0AC31425B4C15E00ADEB51 /* Controllers */ = {
			isa = PBXGroup;
			children = (
				5B0AC30925B4B81C00ADEB51 /* TopicDetailViewController.swift */,
			);
			path = Controllers;
			sourceTree = "<group>";
		};
		5B0AC31525B4C17200ADEB51 /* ViewModel */ = {
			isa = PBXGroup;
			children = (
				5B03E15825B6CD3E00B35AB9 /* TopicDetailViewModel.swift */,
				5B03E15B25B6D05B00B35AB9 /* TopicDetailViewDelegate.swift */,
			);
			path = ViewModel;
			sourceTree = "<group>";
		};
		5B3364C825B1F1AC00308E59 /* Views */ = {
			isa = PBXGroup;
			children = (
				5B9AFCAF25876C21007BE9E0 /* LaunchScreen.storyboard */,
			);
			path = Views;
			sourceTree = "<group>";
		};
		5B6642AE25BB5AEB00A87D41 /* Users */ = {
			isa = PBXGroup;
			children = (
				5BBB641025B0931700305619 /* Models */,
				5BBB640F25B0931200305619 /* Views */,
				5BBB640E25B0930900305619 /* ViewModel */,
				5BBB640C25B092EE00305619 /* Controllers */,
				5BBB640D25B092FA00305619 /* Coodinator */,
			);
			path = Users;
			sourceTree = "<group>";
		};
		5B6642AF25BB5AF600A87D41 /* UserDetail */ = {
			isa = PBXGroup;
			children = (
				5B6642BE25BB5FA600A87D41 /* Models */,
				5B6642B725BB5B3500A87D41 /* Views */,
				5B6642B825BB5B4400A87D41 /* ViewModels */,
				5B6642B025BB5B0600A87D41 /* Controllers */,
				5B6642B925BB5B5200A87D41 /* Coordinator */,
			);
			path = UserDetail;
			sourceTree = "<group>";
		};
		5B6642B025BB5B0600A87D41 /* Controllers */ = {
			isa = PBXGroup;
			children = (
				5B6642B125BB5B3100A87D41 /* UserDetailViewController.swift */,
			);
			path = Controllers;
			sourceTree = "<group>";
		};
		5B6642B725BB5B3500A87D41 /* Views */ = {
			isa = PBXGroup;
			children = (
				5B6642B225BB5B3100A87D41 /* UserDetailView.xib */,
			);
			path = Views;
			sourceTree = "<group>";
		};
		5B6642B825BB5B4400A87D41 /* ViewModels */ = {
			isa = PBXGroup;
			children = (
				5B6642BA25BB5F5200A87D41 /* UserDetailViewModel.swift */,
				5B3A9E5A25BC058000DDDC1F /* UserDetailViewModelDelegate.swift */,
			);
			path = ViewModels;
			sourceTree = "<group>";
		};
		5B6642B925BB5B5200A87D41 /* Coordinator */ = {
			isa = PBXGroup;
			children = (
				5B6642C625BC014D00A87D41 /* UserDetailCoodinatorDelegate.swift */,
			);
			path = Coordinator;
			sourceTree = "<group>";
		};
		5B6642BE25BB5FA600A87D41 /* Models */ = {
			isa = PBXGroup;
			children = (
				5B6642BF25BB5FC000A87D41 /* UserDetailDataManager.swift */,
			);
			path = Models;
			sourceTree = "<group>";
		};
		5B9AFC9825876C1F007BE9E0 = {
			isa = PBXGroup;
			children = (
				5B9AFCA325876C1F007BE9E0 /* DiscourseApp */,
				5B9AFCA225876C1F007BE9E0 /* Products */,
			);
			sourceTree = "<group>";
		};
		5B9AFCA225876C1F007BE9E0 /* Products */ = {
			isa = PBXGroup;
			children = (
				5B9AFCA125876C1F007BE9E0 /* DiscourseApp.app */,
			);
			name = Products;
			sourceTree = "<group>";
		};
		5B9AFCA325876C1F007BE9E0 /* DiscourseApp */ = {
			isa = PBXGroup;
			children = (
				5BBB63D325B0847A00305619 /* App */,
				5BC0695525B5EB6A00D205CC /* DataManagers */,
				5BBB641125B0935600305619 /* Extensions */,
				5BC0692E25B585C000D205CC /* Networking */,
				5BBB63ED25B0900700305619 /* Users */,
				5BBB63EC25B0900100305619 /* Category */,
				5BBB63EB25B08FF700305619 /* Topics */,
				5BBB63DC25B089D300305619 /* AppCoordinator */,
				5BBB63D625B084C600305619 /* Resources */,
			);
			path = DiscourseApp;
			sourceTree = "<group>";
		};
		5BBB63D325B0847A00305619 /* App */ = {
			isa = PBXGroup;
			children = (
				5B3364C825B1F1AC00308E59 /* Views */,
				5B9AFCA425876C1F007BE9E0 /* AppDelegate.swift */,
				5B9AFCA625876C1F007BE9E0 /* SceneDelegate.swift */,
				5B9AFCB225876C21007BE9E0 /* Info.plist */,
			);
			path = App;
			sourceTree = "<group>";
		};
		5BBB63D625B084C600305619 /* Resources */ = {
			isa = PBXGroup;
			children = (
				5B9AFCAD25876C21007BE9E0 /* Assets.xcassets */,
				5BBB63D725B084E600305619 /* ApiResources.plist */,
			);
			path = Resources;
			sourceTree = "<group>";
		};
		5BBB63DC25B089D300305619 /* AppCoordinator */ = {
			isa = PBXGroup;
			children = (
				5BBB63E625B08E6D00305619 /* Utils */,
				5BBB63DD25B089EF00305619 /* CoordinatorProtocol.swift */,
				5BBB63E125B08A2D00305619 /* AppCoordinator.swift */,
			);
			path = AppCoordinator;
			sourceTree = "<group>";
		};
		5BBB63E625B08E6D00305619 /* Utils */ = {
			isa = PBXGroup;
			children = (
				5BBB63E725B08E8E00305619 /* ControllersSet.swift */,
			);
			path = Utils;
			sourceTree = "<group>";
		};
		5BBB63EB25B08FF700305619 /* Topics */ = {
			isa = PBXGroup;
			children = (
				5BE9261125B89EF600CCC3E8 /* Topic */,
				5BF6B0CE25B7505D00CC7AE8 /* AddTopic */,
				5B0AC31225B4C13000ADEB51 /* TopicDetail */,
			);
			path = Topics;
			sourceTree = "<group>";
		};
		5BBB63EC25B0900100305619 /* Category */ = {
			isa = PBXGroup;
			children = (
				5BBB640A25B092B100305619 /* Models */,
				5BBB640925B092A700305619 /* Views */,
				5BBB640825B0929E00305619 /* ViewModel */,
				5BBB640B25B092BB00305619 /* Controllers */,
				5BBB640725B0929400305619 /* Coordinator */,
			);
			path = Category;
			sourceTree = "<group>";
		};
		5BBB63ED25B0900700305619 /* Users */ = {
			isa = PBXGroup;
			children = (
				5B6642AE25BB5AEB00A87D41 /* Users */,
				5B6642AF25BB5AF600A87D41 /* UserDetail */,
			);
			path = Users;
			sourceTree = "<group>";
		};
		5BBB63FE25B091BE00305619 /* Coordinator */ = {
			isa = PBXGroup;
			children = (
				5BBB640325B0923200305619 /* TopicCoordinator.swift */,
				5B0AC30F25B4B89700ADEB51 /* TopicsCoordinatorDelegate.swift */,
			);
			path = Coordinator;
			sourceTree = "<group>";
		};
		5BBB63FF25B091C800305619 /* Controllers */ = {
			isa = PBXGroup;
			children = (
				5BBB63EE25B0902500305619 /* TopicsViewController.swift */,
			);
			path = Controllers;
			sourceTree = "<group>";
		};
		5BBB640025B091CF00305619 /* ViewModels */ = {
			isa = PBXGroup;
			children = (
				5B0AC30025B1F2A000ADEB51 /* TopicsViewModelDelegate.swift */,
				5BBB642825B0BF5200305619 /* TopicsViewModel.swift */,
				5B9B11A825BB353800C3831A /* TopicCellViewModel.swift */,
			);
			path = ViewModels;
			sourceTree = "<group>";
		};
		5BBB640125B091DD00305619 /* Views */ = {
			isa = PBXGroup;
			children = (
				5BBB641F25B09DEB00305619 /* TopicCell.swift */,
				5BBB642025B09DEB00305619 /* TopicCell.xib */,
			);
			path = Views;
			sourceTree = "<group>";
		};
		5BBB640225B091E900305619 /* Models */ = {
			isa = PBXGroup;
			children = (
				5BBB642525B0BEEF00305619 /* Topic.swift */,
				5BC0695225B5E85500D205CC /* TopicsDataManager.swift */,
			);
			path = Models;
			sourceTree = "<group>";
		};
		5BBB640725B0929400305619 /* Coordinator */ = {
			isa = PBXGroup;
			children = (
				5BBB641725B0940B00305619 /* CategoriesCoordinator.swift */,
			);
			path = Coordinator;
			sourceTree = "<group>";
		};
		5BBB640825B0929E00305619 /* ViewModel */ = {
			isa = PBXGroup;
			children = (
				5B0DC31F25B9C9CF004F6334 /* CategoryViewModel.swift */,
				5B0DC32225B9CBD4004F6334 /* CategoryViewModelDelegate.swift */,
			);
			path = ViewModel;
			sourceTree = "<group>";
		};
		5BBB640925B092A700305619 /* Views */ = {
			isa = PBXGroup;
			children = (
				5BCC1B1B25B9CF6A0014169C /* CategoryCell.swift */,
				5BCC1B1C25B9CF6A0014169C /* CategoryCell.xib */,
			);
			path = Views;
			sourceTree = "<group>";
		};
		5BBB640A25B092B100305619 /* Models */ = {
			isa = PBXGroup;
			children = (
				5B0DC31625B9C6A4004F6334 /* Category.swift */,
				5B0DC31C25B9C963004F6334 /* CartegoryDataManager.swift */,
			);
			path = Models;
			sourceTree = "<group>";
		};
		5BBB640B25B092BB00305619 /* Controllers */ = {
			isa = PBXGroup;
			children = (
				5BBB63F425B0903500305619 /* CategoriesViewController.swift */,
			);
			path = Controllers;
			sourceTree = "<group>";
		};
		5BBB640C25B092EE00305619 /* Controllers */ = {
			isa = PBXGroup;
			children = (
				5BFDFE5325B9E6D6002175A1 /* UsersViewController.swift */,
			);
			path = Controllers;
			sourceTree = "<group>";
		};
		5BBB640D25B092FA00305619 /* Coodinator */ = {
			isa = PBXGroup;
			children = (
				5BBB641B25B0942D00305619 /* UsersCoordinator.swift */,
				5B9B11AF25BB50E500C3831A /* UsersCoordinatorDelegate.swift */,
			);
			path = Coodinator;
			sourceTree = "<group>";
		};
		5BBB640E25B0930900305619 /* ViewModel */ = {
			isa = PBXGroup;
			children = (
				5BCBEA6825B9F3BF00C568B5 /* UserViewModel.swift */,
				5BCBEA6B25B9F3D800C568B5 /* UserViewModelDelegate.swift */,
				5B9B11AC25BB3C4600C3831A /* UserCellViewModel.swift */,
			);
			path = ViewModel;
			sourceTree = "<group>";
		};
		5BBB640F25B0931200305619 /* Views */ = {
			isa = PBXGroup;
			children = (
				5BFDFE4E25B9E5DE002175A1 /* UsersCell.swift */,
				5BFDFE4F25B9E5DE002175A1 /* UsersCell.xib */,
			);
			path = Views;
			sourceTree = "<group>";
		};
		5BBB641025B0931700305619 /* Models */ = {
			isa = PBXGroup;
			children = (
				5BFDFE4525B9E2E9002175A1 /* User.swift */,
				5BFDFE5725B9EFA7002175A1 /* UserDataManager.swift */,
			);
			path = Models;
			sourceTree = "<group>";
		};
		5BBB641125B0935600305619 /* Extensions */ = {
			isa = PBXGroup;
			children = (
				5BBB641225B0937A00305619 /* UIView+Ext.swift */,
				5BE9261425B8A03E00CCC3E8 /* UIViewController+Ext.swift */,
			);
			path = Extensions;
			sourceTree = "<group>";
		};
		5BC0692E25B585C000D205CC /* Networking */ = {
			isa = PBXGroup;
			children = (
				5BC0694825B5D8F700D205CC /* NetworkUtils */,
				5BC0694725B5D8D100D205CC /* RequestModels */,
				5BC0694625B5D8BF00D205CC /* ResponseModels */,
			);
			path = Networking;
			sourceTree = "<group>";
		};
		5BC0694625B5D8BF00D205CC /* ResponseModels */ = {
			isa = PBXGroup;
			children = (
				5BC0694E25B5DA4C00D205CC /* LatestTopicsResponse.swift */,
				5B03E16425B6DD6300B35AB9 /* SingleTopicResponse.swift */,
				5BDA19D725B736D50020162D /* DeleteTopicResponse.swift */,
				5B9BE45825B757D2006BF5D4 /* CategoryResponse.swift */,
				5BE9260D25B886BE00CCC3E8 /* AddNewTopicResponse.swift */,
				5BFDFE4B25B9E4C1002175A1 /* UserListResponse.swift */,
				5B9BCBA125BA137600CB2CC4 /* UserImageResponse.swift */,
				5B9B11B325BB566300C3831A /* SingleUserResponse.swift */,
			);
			path = ResponseModels;
			sourceTree = "<group>";
		};
		5BC0694725B5D8D100D205CC /* RequestModels */ = {
			isa = PBXGroup;
			children = (
				5BC0694B25B5DA1500D205CC /* LatestTopicsResquest.swift */,
				5B03E16B25B6DEAE00B35AB9 /* SingleTopicRequest.swift */,
				5BDA19DA25B7379A0020162D /* DeleteTopicRequest.swift */,
				5BE9260A25B8866700CCC3E8 /* AddNewTopicRequest.swift */,
				5B0DC31925B9C76D004F6334 /* CategoryRequest.swift */,
				5BFDFE4825B9E465002175A1 /* UserListRequest.swift */,
				5B9BCB9E25BA11D900CB2CC4 /* UserImageRequest.swift */,
				5B9B11B625BB56B900C3831A /* SingleUserRequest.swift */,
				5B6642C325BB6C3A00A87D41 /* UpdateSingleUserRequest.swift */,
			);
			path = RequestModels;
			sourceTree = "<group>";
		};
		5BC0694825B5D8F700D205CC /* NetworkUtils */ = {
			isa = PBXGroup;
			children = (
				5BC0692F25B586D600D205CC /* APIRequest.swift */,
				5BC0693325B5874E00D205CC /* HttpMethod.swift */,
				5BC0693C25B58AFE00D205CC /* APIResources.swift */,
				5BC0694025B5992E00D205CC /* NetworkService.swift */,
			);
			path = NetworkUtils;
			sourceTree = "<group>";
		};
		5BC0695525B5EB6A00D205CC /* DataManagers */ = {
			isa = PBXGroup;
			children = (
				5BE8D49E25B611530056A396 /* DiscouseClientDataManager.swift */,
				5BE8D4A125B6B89C0056A396 /* RemoteDataManager.swift */,
				5BE8D4A525B6B99E0056A396 /* RemoteDataManagerImpl.swift */,
			);
			path = DataManagers;
			sourceTree = "<group>";
		};
		5BDA19C425B6ECEF0020162D /* Coordinators */ = {
			isa = PBXGroup;
			children = (
				5BDA19C525B6ED060020162D /* TopicDetailCoodinatorDelgate.swift */,
			);
			path = Coordinators;
			sourceTree = "<group>";
		};
		5BE9261125B89EF600CCC3E8 /* Topic */ = {
			isa = PBXGroup;
			children = (
				5BBB640225B091E900305619 /* Models */,
				5BBB640125B091DD00305619 /* Views */,
				5BBB640025B091CF00305619 /* ViewModels */,
				5BBB63FF25B091C800305619 /* Controllers */,
				5BBB63FE25B091BE00305619 /* Coordinator */,
			);
			path = Topic;
			sourceTree = "<group>";
		};
		5BF6B0CE25B7505D00CC7AE8 /* AddTopic */ = {
			isa = PBXGroup;
			children = (
				5BF6B0DD25B750F400CC7AE8 /* Models */,
				5BF6B0D625B7509D00CC7AE8 /* Views */,
				5BF6B0DB25B750BA00CC7AE8 /* ViewModels */,
				5BF6B0CF25B7506D00CC7AE8 /* Controllers */,
				5BF6B0DC25B750E400CC7AE8 /* Coordinators */,
			);
			path = AddTopic;
			sourceTree = "<group>";
		};
		5BF6B0CF25B7506D00CC7AE8 /* Controllers */ = {
			isa = PBXGroup;
			children = (
				5BF6B0D025B7509900CC7AE8 /* AddTopicViewController.swift */,
			);
			path = Controllers;
			sourceTree = "<group>";
		};
		5BF6B0D625B7509D00CC7AE8 /* Views */ = {
			isa = PBXGroup;
			children = (
				5BF6B0D125B7509900CC7AE8 /* AddTopicView.xib */,
			);
			path = Views;
			sourceTree = "<group>";
		};
		5BF6B0DB25B750BA00CC7AE8 /* ViewModels */ = {
			isa = PBXGroup;
			children = (
				5BF6B0D725B750B100CC7AE8 /* AddTopicViewModel.swift */,
				5BE9260725B882DC00CCC3E8 /* AddNewTopicViewModelDelegate.swift */,
			);
			path = ViewModels;
			sourceTree = "<group>";
		};
		5BF6B0DC25B750E400CC7AE8 /* Coordinators */ = {
			isa = PBXGroup;
			children = (
				5B9BE45225B753CE006BF5D4 /* AddTopicsCoodinator.swift */,
				5B9BE45C25B758B7006BF5D4 /* AddTopicCoordinatorDelegate.swift */,
			);
			path = Coordinators;
			sourceTree = "<group>";
		};
		5BF6B0DD25B750F400CC7AE8 /* Models */ = {
			isa = PBXGroup;
			children = (
				5B9BE45525B754FD006BF5D4 /* AddTopicDataManager.swift */,
			);
			path = Models;
			sourceTree = "<group>";
		};
/* End PBXGroup section */

/* Begin PBXNativeTarget section */
		5B9AFCA025876C1F007BE9E0 /* DiscourseApp */ = {
			isa = PBXNativeTarget;
			buildConfigurationList = 5B9AFCB525876C21007BE9E0 /* Build configuration list for PBXNativeTarget "DiscourseApp" */;
			buildPhases = (
				5B9AFC9D25876C1F007BE9E0 /* Sources */,
				5B9AFC9E25876C1F007BE9E0 /* Frameworks */,
				5B9AFC9F25876C1F007BE9E0 /* Resources */,
			);
			buildRules = (
			);
			dependencies = (
			);
			name = DiscourseApp;
			productName = DiscourseApp;
			productReference = 5B9AFCA125876C1F007BE9E0 /* DiscourseApp.app */;
			productType = "com.apple.product-type.application";
		};
/* End PBXNativeTarget section */

/* Begin PBXProject section */
		5B9AFC9925876C1F007BE9E0 /* Project object */ = {
			isa = PBXProject;
			attributes = {
				LastSwiftUpdateCheck = 1220;
				LastUpgradeCheck = 1220;
				TargetAttributes = {
					5B9AFCA025876C1F007BE9E0 = {
						CreatedOnToolsVersion = 12.2;
					};
				};
			};
			buildConfigurationList = 5B9AFC9C25876C1F007BE9E0 /* Build configuration list for PBXProject "DiscourseApp" */;
			compatibilityVersion = "Xcode 9.3";
			developmentRegion = en;
			hasScannedForEncodings = 0;
			knownRegions = (
				en,
				Base,
			);
			mainGroup = 5B9AFC9825876C1F007BE9E0;
			productRefGroup = 5B9AFCA225876C1F007BE9E0 /* Products */;
			projectDirPath = "";
			projectRoot = "";
			targets = (
				5B9AFCA025876C1F007BE9E0 /* DiscourseApp */,
			);
		};
/* End PBXProject section */

/* Begin PBXResourcesBuildPhase section */
		5B9AFC9F25876C1F007BE9E0 /* Resources */ = {
			isa = PBXResourcesBuildPhase;
			buildActionMask = 2147483647;
			files = (
				5B9AFCB125876C21007BE9E0 /* LaunchScreen.storyboard in Resources */,
				5BF6B0D325B7509900CC7AE8 /* AddTopicView.xib in Resources */,
				5BBB63D825B084E600305619 /* ApiResources.plist in Resources */,
				5BBB642225B09DEB00305619 /* TopicCell.xib in Resources */,
				5BFDFE5125B9E5DE002175A1 /* UsersCell.xib in Resources */,
				5B6642B425BB5B3100A87D41 /* UserDetailView.xib in Resources */,
				5B9AFCAE25876C21007BE9E0 /* Assets.xcassets in Resources */,
				5BCC1B1E25B9CF6A0014169C /* CategoryCell.xib in Resources */,
				5B0AC30C25B4B81C00ADEB51 /* TopicDetailView.xib in Resources */,
			);
			runOnlyForDeploymentPostprocessing = 0;
		};
/* End PBXResourcesBuildPhase section */

/* Begin PBXSourcesBuildPhase section */
		5B9AFC9D25876C1F007BE9E0 /* Sources */ = {
			isa = PBXSourcesBuildPhase;
			buildActionMask = 2147483647;
			files = (
				5BF6B0D225B7509900CC7AE8 /* AddTopicViewController.swift in Sources */,
				5BCBEA6925B9F3BF00C568B5 /* UserViewModel.swift in Sources */,
				5B03E16925B6DE0600B35AB9 /* TopicDetailManager.swift in Sources */,
				5B9BE45925B757D2006BF5D4 /* CategoryResponse.swift in Sources */,
				5B03E15925B6CD3E00B35AB9 /* TopicDetailViewModel.swift in Sources */,
				5BBB63E825B08E8E00305619 /* ControllersSet.swift in Sources */,
				5BC0693025B586D600D205CC /* APIRequest.swift in Sources */,
				5BCBEA6C25B9F3D800C568B5 /* UserViewModelDelegate.swift in Sources */,
				5BFDFE4925B9E465002175A1 /* UserListRequest.swift in Sources */,
				5B6642C025BB5FC000A87D41 /* UserDetailDataManager.swift in Sources */,
				5B0AC30B25B4B81C00ADEB51 /* TopicDetailViewController.swift in Sources */,
				5B03E15C25B6D05B00B35AB9 /* TopicDetailViewDelegate.swift in Sources */,
				5BBB642625B0BEEF00305619 /* Topic.swift in Sources */,
				5B0AC30125B1F2A000ADEB51 /* TopicsViewModelDelegate.swift in Sources */,
				5BBB641325B0937A00305619 /* UIView+Ext.swift in Sources */,
				5BFDFE5025B9E5DE002175A1 /* UsersCell.swift in Sources */,
				5BE9260825B882DC00CCC3E8 /* AddNewTopicViewModelDelegate.swift in Sources */,
				5BC0694F25B5DA4C00D205CC /* LatestTopicsResponse.swift in Sources */,
				5B0AC31025B4B89700ADEB51 /* TopicsCoordinatorDelegate.swift in Sources */,
				5B9B11A925BB353800C3831A /* TopicCellViewModel.swift in Sources */,
				5B03E16C25B6DEAE00B35AB9 /* SingleTopicRequest.swift in Sources */,
				5B9AFCA525876C1F007BE9E0 /* AppDelegate.swift in Sources */,
				5BBB641825B0940B00305619 /* CategoriesCoordinator.swift in Sources */,
				5B0DC31725B9C6A4004F6334 /* Category.swift in Sources */,
				5B9B11AD25BB3C4600C3831A /* UserCellViewModel.swift in Sources */,
				5BC0694125B5992E00D205CC /* NetworkService.swift in Sources */,
				5BBB642125B09DEB00305619 /* TopicCell.swift in Sources */,
				5B6642BB25BB5F5200A87D41 /* UserDetailViewModel.swift in Sources */,
				5BBB63E225B08A2D00305619 /* AppCoordinator.swift in Sources */,
				5BBB63DE25B089EF00305619 /* CoordinatorProtocol.swift in Sources */,
				5B9AFCA725876C1F007BE9E0 /* SceneDelegate.swift in Sources */,
				5B6642C425BB6C3A00A87D41 /* UpdateSingleUserRequest.swift in Sources */,
				5B0DC31A25B9C76D004F6334 /* CategoryRequest.swift in Sources */,
				5BE8D4A625B6B99E0056A396 /* RemoteDataManagerImpl.swift in Sources */,
				5BBB642925B0BF5200305619 /* TopicsViewModel.swift in Sources */,
				5BC0694C25B5DA1500D205CC /* LatestTopicsResquest.swift in Sources */,
				5BBB63F625B0903500305619 /* CategoriesViewController.swift in Sources */,
				5BE9260B25B8866700CCC3E8 /* AddNewTopicRequest.swift in Sources */,
				5BFDFE4C25B9E4C1002175A1 /* UserListResponse.swift in Sources */,
				5BFDFE5825B9EFA7002175A1 /* UserDataManager.swift in Sources */,
				5BDA19DB25B7379A0020162D /* DeleteTopicRequest.swift in Sources */,
				5B9BCBA225BA137600CB2CC4 /* UserImageResponse.swift in Sources */,
				5BFDFE4625B9E2E9002175A1 /* User.swift in Sources */,
				5BE9261525B8A03E00CCC3E8 /* UIViewController+Ext.swift in Sources */,
				5BE9260E25B886BE00CCC3E8 /* AddNewTopicResponse.swift in Sources */,
				5B9B11B025BB50E500C3831A /* UsersCoordinatorDelegate.swift in Sources */,
				5B9BE45325B753CE006BF5D4 /* AddTopicsCoodinator.swift in Sources */,
				5BFDFE5425B9E6D6002175A1 /* UsersViewController.swift in Sources */,
				5B03E16525B6DD6300B35AB9 /* SingleTopicResponse.swift in Sources */,
				5BC0693425B5874E00D205CC /* HttpMethod.swift in Sources */,
				5BF6B0D825B750B100CC7AE8 /* AddTopicViewModel.swift in Sources */,
				5BDA19D825B736D50020162D /* DeleteTopicResponse.swift in Sources */,
				5BC0695325B5E85500D205CC /* TopicsDataManager.swift in Sources */,
				5BCC1B1D25B9CF6A0014169C /* CategoryCell.swift in Sources */,
				5BE8D4A225B6B89C0056A396 /* RemoteDataManager.swift in Sources */,
				5B3A9E5B25BC058000DDDC1F /* UserDetailViewModelDelegate.swift in Sources */,
				5BBB640425B0923200305619 /* TopicCoordinator.swift in Sources */,
				5B6642C725BC014D00A87D41 /* UserDetailCoodinatorDelegate.swift in Sources */,
				5B9BCB9F25BA11D900CB2CC4 /* UserImageRequest.swift in Sources */,
				5BBB63F025B0902500305619 /* TopicsViewController.swift in Sources */,
				5B9B11B725BB56B900C3831A /* SingleUserRequest.swift in Sources */,
				5B0DC32325B9CBD4004F6334 /* CategoryViewModelDelegate.swift in Sources */,
				5B0DC32025B9C9CF004F6334 /* CategoryViewModel.swift in Sources */,
				5BE8D49F25B611530056A396 /* DiscouseClientDataManager.swift in Sources */,
				5B9BE45625B754FD006BF5D4 /* AddTopicDataManager.swift in Sources */,
				5BC0693D25B58AFE00D205CC /* APIResources.swift in Sources */,
				5B6642B325BB5B3100A87D41 /* UserDetailViewController.swift in Sources */,
				5B9BE45D25B758B7006BF5D4 /* AddTopicCoordinatorDelegate.swift in Sources */,
				5B9B11B425BB566300C3831A /* SingleUserResponse.swift in Sources */,
				5BBB641C25B0942D00305619 /* UsersCoordinator.swift in Sources */,
				5BDA19C625B6ED060020162D /* TopicDetailCoodinatorDelgate.swift in Sources */,
				5B0DC31D25B9C963004F6334 /* CartegoryDataManager.swift in Sources */,
			);
			runOnlyForDeploymentPostprocessing = 0;
		};
/* End PBXSourcesBuildPhase section */

/* Begin PBXVariantGroup section */
		5B9AFCAF25876C21007BE9E0 /* LaunchScreen.storyboard */ = {
			isa = PBXVariantGroup;
			children = (
				5B9AFCB025876C21007BE9E0 /* Base */,
			);
			name = LaunchScreen.storyboard;
			sourceTree = "<group>";
		};
/* End PBXVariantGroup section */

/* Begin XCBuildConfiguration section */
		5B9AFCB325876C21007BE9E0 /* Debug */ = {
			isa = XCBuildConfiguration;
			buildSettings = {
				ALWAYS_SEARCH_USER_PATHS = NO;
				CLANG_ANALYZER_NONNULL = YES;
				CLANG_ANALYZER_NUMBER_OBJECT_CONVERSION = YES_AGGRESSIVE;
				CLANG_CXX_LANGUAGE_STANDARD = "gnu++14";
				CLANG_CXX_LIBRARY = "libc++";
				CLANG_ENABLE_MODULES = YES;
				CLANG_ENABLE_OBJC_ARC = YES;
				CLANG_ENABLE_OBJC_WEAK = YES;
				CLANG_WARN_BLOCK_CAPTURE_AUTORELEASING = YES;
				CLANG_WARN_BOOL_CONVERSION = YES;
				CLANG_WARN_COMMA = YES;
				CLANG_WARN_CONSTANT_CONVERSION = YES;
				CLANG_WARN_DEPRECATED_OBJC_IMPLEMENTATIONS = YES;
				CLANG_WARN_DIRECT_OBJC_ISA_USAGE = YES_ERROR;
				CLANG_WARN_DOCUMENTATION_COMMENTS = YES;
				CLANG_WARN_EMPTY_BODY = YES;
				CLANG_WARN_ENUM_CONVERSION = YES;
				CLANG_WARN_INFINITE_RECURSION = YES;
				CLANG_WARN_INT_CONVERSION = YES;
				CLANG_WARN_NON_LITERAL_NULL_CONVERSION = YES;
				CLANG_WARN_OBJC_IMPLICIT_RETAIN_SELF = YES;
				CLANG_WARN_OBJC_LITERAL_CONVERSION = YES;
				CLANG_WARN_OBJC_ROOT_CLASS = YES_ERROR;
				CLANG_WARN_QUOTED_INCLUDE_IN_FRAMEWORK_HEADER = YES;
				CLANG_WARN_RANGE_LOOP_ANALYSIS = YES;
				CLANG_WARN_STRICT_PROTOTYPES = YES;
				CLANG_WARN_SUSPICIOUS_MOVE = YES;
				CLANG_WARN_UNGUARDED_AVAILABILITY = YES_AGGRESSIVE;
				CLANG_WARN_UNREACHABLE_CODE = YES;
				CLANG_WARN__DUPLICATE_METHOD_MATCH = YES;
				COPY_PHASE_STRIP = NO;
				DEBUG_INFORMATION_FORMAT = dwarf;
				ENABLE_STRICT_OBJC_MSGSEND = YES;
				ENABLE_TESTABILITY = YES;
				GCC_C_LANGUAGE_STANDARD = gnu11;
				GCC_DYNAMIC_NO_PIC = NO;
				GCC_NO_COMMON_BLOCKS = YES;
				GCC_OPTIMIZATION_LEVEL = 0;
				GCC_PREPROCESSOR_DEFINITIONS = (
					"DEBUG=1",
					"$(inherited)",
				);
				GCC_WARN_64_TO_32_BIT_CONVERSION = YES;
				GCC_WARN_ABOUT_RETURN_TYPE = YES_ERROR;
				GCC_WARN_UNDECLARED_SELECTOR = YES;
				GCC_WARN_UNINITIALIZED_AUTOS = YES_AGGRESSIVE;
				GCC_WARN_UNUSED_FUNCTION = YES;
				GCC_WARN_UNUSED_VARIABLE = YES;
				IPHONEOS_DEPLOYMENT_TARGET = 13.0;
				MTL_ENABLE_DEBUG_INFO = INCLUDE_SOURCE;
				MTL_FAST_MATH = YES;
				ONLY_ACTIVE_ARCH = YES;
				SDKROOT = iphoneos;
				SWIFT_ACTIVE_COMPILATION_CONDITIONS = DEBUG;
				SWIFT_OPTIMIZATION_LEVEL = "-Onone";
			};
			name = Debug;
		};
		5B9AFCB425876C21007BE9E0 /* Release */ = {
			isa = XCBuildConfiguration;
			buildSettings = {
				ALWAYS_SEARCH_USER_PATHS = NO;
				CLANG_ANALYZER_NONNULL = YES;
				CLANG_ANALYZER_NUMBER_OBJECT_CONVERSION = YES_AGGRESSIVE;
				CLANG_CXX_LANGUAGE_STANDARD = "gnu++14";
				CLANG_CXX_LIBRARY = "libc++";
				CLANG_ENABLE_MODULES = YES;
				CLANG_ENABLE_OBJC_ARC = YES;
				CLANG_ENABLE_OBJC_WEAK = YES;
				CLANG_WARN_BLOCK_CAPTURE_AUTORELEASING = YES;
				CLANG_WARN_BOOL_CONVERSION = YES;
				CLANG_WARN_COMMA = YES;
				CLANG_WARN_CONSTANT_CONVERSION = YES;
				CLANG_WARN_DEPRECATED_OBJC_IMPLEMENTATIONS = YES;
				CLANG_WARN_DIRECT_OBJC_ISA_USAGE = YES_ERROR;
				CLANG_WARN_DOCUMENTATION_COMMENTS = YES;
				CLANG_WARN_EMPTY_BODY = YES;
				CLANG_WARN_ENUM_CONVERSION = YES;
				CLANG_WARN_INFINITE_RECURSION = YES;
				CLANG_WARN_INT_CONVERSION = YES;
				CLANG_WARN_NON_LITERAL_NULL_CONVERSION = YES;
				CLANG_WARN_OBJC_IMPLICIT_RETAIN_SELF = YES;
				CLANG_WARN_OBJC_LITERAL_CONVERSION = YES;
				CLANG_WARN_OBJC_ROOT_CLASS = YES_ERROR;
				CLANG_WARN_QUOTED_INCLUDE_IN_FRAMEWORK_HEADER = YES;
				CLANG_WARN_RANGE_LOOP_ANALYSIS = YES;
				CLANG_WARN_STRICT_PROTOTYPES = YES;
				CLANG_WARN_SUSPICIOUS_MOVE = YES;
				CLANG_WARN_UNGUARDED_AVAILABILITY = YES_AGGRESSIVE;
				CLANG_WARN_UNREACHABLE_CODE = YES;
				CLANG_WARN__DUPLICATE_METHOD_MATCH = YES;
				COPY_PHASE_STRIP = NO;
				DEBUG_INFORMATION_FORMAT = "dwarf-with-dsym";
				ENABLE_NS_ASSERTIONS = NO;
				ENABLE_STRICT_OBJC_MSGSEND = YES;
				GCC_C_LANGUAGE_STANDARD = gnu11;
				GCC_NO_COMMON_BLOCKS = YES;
				GCC_WARN_64_TO_32_BIT_CONVERSION = YES;
				GCC_WARN_ABOUT_RETURN_TYPE = YES_ERROR;
				GCC_WARN_UNDECLARED_SELECTOR = YES;
				GCC_WARN_UNINITIALIZED_AUTOS = YES_AGGRESSIVE;
				GCC_WARN_UNUSED_FUNCTION = YES;
				GCC_WARN_UNUSED_VARIABLE = YES;
				IPHONEOS_DEPLOYMENT_TARGET = 13.0;
				MTL_ENABLE_DEBUG_INFO = NO;
				MTL_FAST_MATH = YES;
				SDKROOT = iphoneos;
				SWIFT_COMPILATION_MODE = wholemodule;
				SWIFT_OPTIMIZATION_LEVEL = "-O";
				VALIDATE_PRODUCT = YES;
			};
			name = Release;
		};
		5B9AFCB625876C21007BE9E0 /* Debug */ = {
			isa = XCBuildConfiguration;
			buildSettings = {
				ASSETCATALOG_COMPILER_APPICON_NAME = AppIcon;
				ASSETCATALOG_COMPILER_GLOBAL_ACCENT_COLOR_NAME = AccentColor;
				CODE_SIGN_STYLE = Automatic;
				DEVELOPMENT_TEAM = 2Q7F87669V;
				INFOPLIST_FILE = DiscourseApp/App/Info.plist;
				IPHONEOS_DEPLOYMENT_TARGET = 13.0;
				LD_RUNPATH_SEARCH_PATHS = (
					"$(inherited)",
					"@executable_path/Frameworks",
				);
				PRODUCT_BUNDLE_IDENTIFIER = app.byrodri.DiscourseApp;
				PRODUCT_NAME = "$(TARGET_NAME)";
				SWIFT_VERSION = 5.0;
				TARGETED_DEVICE_FAMILY = 1;
			};
			name = Debug;
		};
		5B9AFCB725876C21007BE9E0 /* Release */ = {
			isa = XCBuildConfiguration;
			buildSettings = {
				ASSETCATALOG_COMPILER_APPICON_NAME = AppIcon;
				ASSETCATALOG_COMPILER_GLOBAL_ACCENT_COLOR_NAME = AccentColor;
				CODE_SIGN_STYLE = Automatic;
				DEVELOPMENT_TEAM = 2Q7F87669V;
				INFOPLIST_FILE = DiscourseApp/App/Info.plist;
				IPHONEOS_DEPLOYMENT_TARGET = 13.0;
				LD_RUNPATH_SEARCH_PATHS = (
					"$(inherited)",
					"@executable_path/Frameworks",
				);
				PRODUCT_BUNDLE_IDENTIFIER = app.byrodri.DiscourseApp;
				PRODUCT_NAME = "$(TARGET_NAME)";
				SWIFT_VERSION = 5.0;
				TARGETED_DEVICE_FAMILY = 1;
			};
			name = Release;
		};
/* End XCBuildConfiguration section */

/* Begin XCConfigurationList section */
		5B9AFC9C25876C1F007BE9E0 /* Build configuration list for PBXProject "DiscourseApp" */ = {
			isa = XCConfigurationList;
			buildConfigurations = (
				5B9AFCB325876C21007BE9E0 /* Debug */,
				5B9AFCB425876C21007BE9E0 /* Release */,
			);
			defaultConfigurationIsVisible = 0;
			defaultConfigurationName = Release;
		};
		5B9AFCB525876C21007BE9E0 /* Build configuration list for PBXNativeTarget "DiscourseApp" */ = {
			isa = XCConfigurationList;
			buildConfigurations = (
				5B9AFCB625876C21007BE9E0 /* Debug */,
				5B9AFCB725876C21007BE9E0 /* Release */,
			);
			defaultConfigurationIsVisible = 0;
			defaultConfigurationName = Release;
		};
/* End XCConfigurationList section */
	};
	rootObject = 5B9AFC9925876C1F007BE9E0 /* Project object */;
}
